
Microsoft Visual Studio Solution File, Format Version 12.00
# Visual Studio Version 17
VisualStudioVersion = 17.6.33712.159
MinimumVisualStudioVersion = 10.0.40219.1
Project("{8BC9CEB8-8B4A-11D0-8D11-00A0C91BC942}") = "baekjoon31821", "baekjoon31821\baekjoon31821.vcxproj", "{CFB79913-73A2-41A7-9627-56FFB364B6A2}"
EndProject
Global
	GlobalSection(SolutionConfigurationPlatforms) = preSolution
		Debug|x64 = Debug|x64
		Debug|x86 = Debug|x86
		Release|x64 = Release|x64
		Release|x86 = Release|x86
	EndGlobalSection
	GlobalSection(ProjectConfigurationPlatforms) = postSolution
		{CFB79913-73A2-41A7-9627-56FFB364B6A2}.Debug|x64.ActiveCfg = Debug|x64
		{CFB79913-73A2-41A7-9627-56FFB364B6A2}.Debug|x64.Build.0 = Debug|x64
		{CFB79913-73A2-41A7-9627-56FFB364B6A2}.Debug|x86.ActiveCfg = Debug|Win32
		{CFB79913-73A2-41A7-9627-56FFB364B6A2}.Debug|x86.Build.0 = Debug|Win32
		{CFB79913-73A2-41A7-9627-56FFB364B6A2}.Release|x64.ActiveCfg = Release|x64
		{CFB79913-73A2-41A7-9627-56FFB364B6A2}.Release|x64.Build.0 = Release|x64
		{CFB79913-73A2-41A7-9627-56FFB364B6A2}.Release|x86.ActiveCfg = Release|Win32
		{CFB79913-73A2-41A7-9627-56FFB364B6A2}.Release|x86.Build.0 = Release|Win32
	EndGlobalSection
	GlobalSection(SolutionProperties) = preSolution
		HideSolutionNode = FALSE
	EndGlobalSection
	GlobalSection(ExtensibilityGlobals) = postSolution
		SolutionGuid = {163DAD39-2EEB-4EB6-B8E9-988BE3CF5D39}
	EndGlobalSection
EndGlobal
