
Microsoft Visual Studio Solution File, Format Version 12.00
# Visual Studio Version 17
VisualStudioVersion = 17.6.33712.159
MinimumVisualStudioVersion = 10.0.40219.1
Project("{8BC9CEB8-8B4A-11D0-8D11-00A0C91BC942}") = "baekjoon2420", "baekjoon2420\baekjoon2420.vcxproj", "{99FC02DD-402C-4630-873E-73A0326E7534}"
EndProject
Global
	GlobalSection(SolutionConfigurationPlatforms) = preSolution
		Debug|x64 = Debug|x64
		Debug|x86 = Debug|x86
		Release|x64 = Release|x64
		Release|x86 = Release|x86
	EndGlobalSection
	GlobalSection(ProjectConfigurationPlatforms) = postSolution
		{99FC02DD-402C-4630-873E-73A0326E7534}.Debug|x64.ActiveCfg = Debug|x64
		{99FC02DD-402C-4630-873E-73A0326E7534}.Debug|x64.Build.0 = Debug|x64
		{99FC02DD-402C-4630-873E-73A0326E7534}.Debug|x86.ActiveCfg = Debug|Win32
		{99FC02DD-402C-4630-873E-73A0326E7534}.Debug|x86.Build.0 = Debug|Win32
		{99FC02DD-402C-4630-873E-73A0326E7534}.Release|x64.ActiveCfg = Release|x64
		{99FC02DD-402C-4630-873E-73A0326E7534}.Release|x64.Build.0 = Release|x64
		{99FC02DD-402C-4630-873E-73A0326E7534}.Release|x86.ActiveCfg = Release|Win32
		{99FC02DD-402C-4630-873E-73A0326E7534}.Release|x86.Build.0 = Release|Win32
	EndGlobalSection
	GlobalSection(SolutionProperties) = preSolution
		HideSolutionNode = FALSE
	EndGlobalSection
	GlobalSection(ExtensibilityGlobals) = postSolution
		SolutionGuid = {FE552FE3-4896-4DD7-8781-43D0998AE450}
	EndGlobalSection
EndGlobal
