
Microsoft Visual Studio Solution File, Format Version 12.00
# Visual Studio Version 17
VisualStudioVersion = 17.6.33712.159
MinimumVisualStudioVersion = 10.0.40219.1
Project("{8BC9CEB8-8B4A-11D0-8D11-00A0C91BC942}") = "baekjoon33163", "baekjoon33163\baekjoon33163.vcxproj", "{0295D37F-B92A-4466-93FC-359A1A52D557}"
EndProject
Global
	GlobalSection(SolutionConfigurationPlatforms) = preSolution
		Debug|x64 = Debug|x64
		Debug|x86 = Debug|x86
		Release|x64 = Release|x64
		Release|x86 = Release|x86
	EndGlobalSection
	GlobalSection(ProjectConfigurationPlatforms) = postSolution
		{0295D37F-B92A-4466-93FC-359A1A52D557}.Debug|x64.ActiveCfg = Debug|x64
		{0295D37F-B92A-4466-93FC-359A1A52D557}.Debug|x64.Build.0 = Debug|x64
		{0295D37F-B92A-4466-93FC-359A1A52D557}.Debug|x86.ActiveCfg = Debug|Win32
		{0295D37F-B92A-4466-93FC-359A1A52D557}.Debug|x86.Build.0 = Debug|Win32
		{0295D37F-B92A-4466-93FC-359A1A52D557}.Release|x64.ActiveCfg = Release|x64
		{0295D37F-B92A-4466-93FC-359A1A52D557}.Release|x64.Build.0 = Release|x64
		{0295D37F-B92A-4466-93FC-359A1A52D557}.Release|x86.ActiveCfg = Release|Win32
		{0295D37F-B92A-4466-93FC-359A1A52D557}.Release|x86.Build.0 = Release|Win32
	EndGlobalSection
	GlobalSection(SolutionProperties) = preSolution
		HideSolutionNode = FALSE
	EndGlobalSection
	GlobalSection(ExtensibilityGlobals) = postSolution
		SolutionGuid = {A2F822AD-9F65-4AC2-AA28-B87CB628C9F4}
	EndGlobalSection
EndGlobal
