
Microsoft Visual Studio Solution File, Format Version 12.00
# Visual Studio Version 17
VisualStudioVersion = 17.6.33712.159
MinimumVisualStudioVersion = 10.0.40219.1
Project("{8BC9CEB8-8B4A-11D0-8D11-00A0C91BC942}") = "baekjoon6841", "baekjoon6841\baekjoon6841.vcxproj", "{13590223-4032-47E8-BA83-70B3C1FEF630}"
EndProject
Global
	GlobalSection(SolutionConfigurationPlatforms) = preSolution
		Debug|x64 = Debug|x64
		Debug|x86 = Debug|x86
		Release|x64 = Release|x64
		Release|x86 = Release|x86
	EndGlobalSection
	GlobalSection(ProjectConfigurationPlatforms) = postSolution
		{13590223-4032-47E8-BA83-70B3C1FEF630}.Debug|x64.ActiveCfg = Debug|x64
		{13590223-4032-47E8-BA83-70B3C1FEF630}.Debug|x64.Build.0 = Debug|x64
		{13590223-4032-47E8-BA83-70B3C1FEF630}.Debug|x86.ActiveCfg = Debug|Win32
		{13590223-4032-47E8-BA83-70B3C1FEF630}.Debug|x86.Build.0 = Debug|Win32
		{13590223-4032-47E8-BA83-70B3C1FEF630}.Release|x64.ActiveCfg = Release|x64
		{13590223-4032-47E8-BA83-70B3C1FEF630}.Release|x64.Build.0 = Release|x64
		{13590223-4032-47E8-BA83-70B3C1FEF630}.Release|x86.ActiveCfg = Release|Win32
		{13590223-4032-47E8-BA83-70B3C1FEF630}.Release|x86.Build.0 = Release|Win32
	EndGlobalSection
	GlobalSection(SolutionProperties) = preSolution
		HideSolutionNode = FALSE
	EndGlobalSection
	GlobalSection(ExtensibilityGlobals) = postSolution
		SolutionGuid = {C97437AD-B788-4AB1-A51C-29836446A43A}
	EndGlobalSection
EndGlobal
