
Microsoft Visual Studio Solution File, Format Version 12.00
# Visual Studio Version 17
VisualStudioVersion = 17.6.33712.159
MinimumVisualStudioVersion = 10.0.40219.1
Project("{8BC9CEB8-8B4A-11D0-8D11-00A0C91BC942}") = "baekjoon31518", "baekjoon31518\baekjoon31518.vcxproj", "{DA6D6ABE-5203-436A-8FA4-560E78B0F6B3}"
EndProject
Global
	GlobalSection(SolutionConfigurationPlatforms) = preSolution
		Debug|x64 = Debug|x64
		Debug|x86 = Debug|x86
		Release|x64 = Release|x64
		Release|x86 = Release|x86
	EndGlobalSection
	GlobalSection(ProjectConfigurationPlatforms) = postSolution
		{DA6D6ABE-5203-436A-8FA4-560E78B0F6B3}.Debug|x64.ActiveCfg = Debug|x64
		{DA6D6ABE-5203-436A-8FA4-560E78B0F6B3}.Debug|x64.Build.0 = Debug|x64
		{DA6D6ABE-5203-436A-8FA4-560E78B0F6B3}.Debug|x86.ActiveCfg = Debug|Win32
		{DA6D6ABE-5203-436A-8FA4-560E78B0F6B3}.Debug|x86.Build.0 = Debug|Win32
		{DA6D6ABE-5203-436A-8FA4-560E78B0F6B3}.Release|x64.ActiveCfg = Release|x64
		{DA6D6ABE-5203-436A-8FA4-560E78B0F6B3}.Release|x64.Build.0 = Release|x64
		{DA6D6ABE-5203-436A-8FA4-560E78B0F6B3}.Release|x86.ActiveCfg = Release|Win32
		{DA6D6ABE-5203-436A-8FA4-560E78B0F6B3}.Release|x86.Build.0 = Release|Win32
	EndGlobalSection
	GlobalSection(SolutionProperties) = preSolution
		HideSolutionNode = FALSE
	EndGlobalSection
	GlobalSection(ExtensibilityGlobals) = postSolution
		SolutionGuid = {DC0B274E-ED64-4BB1-A860-EABDB780CA6E}
	EndGlobalSection
EndGlobal
