
Microsoft Visual Studio Solution File, Format Version 12.00
# Visual Studio Version 17
VisualStudioVersion = 17.6.33712.159
MinimumVisualStudioVersion = 10.0.40219.1
Project("{8BC9CEB8-8B4A-11D0-8D11-00A0C91BC942}") = "baekjoon5596", "baekjoon5596\baekjoon5596.vcxproj", "{744EC40A-A927-4AAC-ABB8-D9805A21772D}"
EndProject
Global
	GlobalSection(SolutionConfigurationPlatforms) = preSolution
		Debug|x64 = Debug|x64
		Debug|x86 = Debug|x86
		Release|x64 = Release|x64
		Release|x86 = Release|x86
	EndGlobalSection
	GlobalSection(ProjectConfigurationPlatforms) = postSolution
		{744EC40A-A927-4AAC-ABB8-D9805A21772D}.Debug|x64.ActiveCfg = Debug|x64
		{744EC40A-A927-4AAC-ABB8-D9805A21772D}.Debug|x64.Build.0 = Debug|x64
		{744EC40A-A927-4AAC-ABB8-D9805A21772D}.Debug|x86.ActiveCfg = Debug|Win32
		{744EC40A-A927-4AAC-ABB8-D9805A21772D}.Debug|x86.Build.0 = Debug|Win32
		{744EC40A-A927-4AAC-ABB8-D9805A21772D}.Release|x64.ActiveCfg = Release|x64
		{744EC40A-A927-4AAC-ABB8-D9805A21772D}.Release|x64.Build.0 = Release|x64
		{744EC40A-A927-4AAC-ABB8-D9805A21772D}.Release|x86.ActiveCfg = Release|Win32
		{744EC40A-A927-4AAC-ABB8-D9805A21772D}.Release|x86.Build.0 = Release|Win32
	EndGlobalSection
	GlobalSection(SolutionProperties) = preSolution
		HideSolutionNode = FALSE
	EndGlobalSection
	GlobalSection(ExtensibilityGlobals) = postSolution
		SolutionGuid = {AA9A350A-B3E4-43CD-BA16-EA873FFB14F8}
	EndGlobalSection
EndGlobal
