
Microsoft Visual Studio Solution File, Format Version 12.00
# Visual Studio Version 17
VisualStudioVersion = 17.6.33712.159
MinimumVisualStudioVersion = 10.0.40219.1
Project("{8BC9CEB8-8B4A-11D0-8D11-00A0C91BC942}") = "baekjoon31282", "baekjoon31282\baekjoon31282.vcxproj", "{2E6B874D-9697-4AA0-A01D-496A6B18514D}"
EndProject
Global
	GlobalSection(SolutionConfigurationPlatforms) = preSolution
		Debug|x64 = Debug|x64
		Debug|x86 = Debug|x86
		Release|x64 = Release|x64
		Release|x86 = Release|x86
	EndGlobalSection
	GlobalSection(ProjectConfigurationPlatforms) = postSolution
		{2E6B874D-9697-4AA0-A01D-496A6B18514D}.Debug|x64.ActiveCfg = Debug|x64
		{2E6B874D-9697-4AA0-A01D-496A6B18514D}.Debug|x64.Build.0 = Debug|x64
		{2E6B874D-9697-4AA0-A01D-496A6B18514D}.Debug|x86.ActiveCfg = Debug|Win32
		{2E6B874D-9697-4AA0-A01D-496A6B18514D}.Debug|x86.Build.0 = Debug|Win32
		{2E6B874D-9697-4AA0-A01D-496A6B18514D}.Release|x64.ActiveCfg = Release|x64
		{2E6B874D-9697-4AA0-A01D-496A6B18514D}.Release|x64.Build.0 = Release|x64
		{2E6B874D-9697-4AA0-A01D-496A6B18514D}.Release|x86.ActiveCfg = Release|Win32
		{2E6B874D-9697-4AA0-A01D-496A6B18514D}.Release|x86.Build.0 = Release|Win32
	EndGlobalSection
	GlobalSection(SolutionProperties) = preSolution
		HideSolutionNode = FALSE
	EndGlobalSection
	GlobalSection(ExtensibilityGlobals) = postSolution
		SolutionGuid = {AD670C28-4A97-4476-9C24-5E62C131FDF3}
	EndGlobalSection
EndGlobal
