
Microsoft Visual Studio Solution File, Format Version 12.00
# Visual Studio Version 17
VisualStudioVersion = 17.6.33712.159
MinimumVisualStudioVersion = 10.0.40219.1
Project("{8BC9CEB8-8B4A-11D0-8D11-00A0C91BC942}") = "baekjoon30017", "baekjoon30017\baekjoon30017.vcxproj", "{78071AF3-F775-42B3-9F9C-B472775E355F}"
EndProject
Global
	GlobalSection(SolutionConfigurationPlatforms) = preSolution
		Debug|x64 = Debug|x64
		Debug|x86 = Debug|x86
		Release|x64 = Release|x64
		Release|x86 = Release|x86
	EndGlobalSection
	GlobalSection(ProjectConfigurationPlatforms) = postSolution
		{78071AF3-F775-42B3-9F9C-B472775E355F}.Debug|x64.ActiveCfg = Debug|x64
		{78071AF3-F775-42B3-9F9C-B472775E355F}.Debug|x64.Build.0 = Debug|x64
		{78071AF3-F775-42B3-9F9C-B472775E355F}.Debug|x86.ActiveCfg = Debug|Win32
		{78071AF3-F775-42B3-9F9C-B472775E355F}.Debug|x86.Build.0 = Debug|Win32
		{78071AF3-F775-42B3-9F9C-B472775E355F}.Release|x64.ActiveCfg = Release|x64
		{78071AF3-F775-42B3-9F9C-B472775E355F}.Release|x64.Build.0 = Release|x64
		{78071AF3-F775-42B3-9F9C-B472775E355F}.Release|x86.ActiveCfg = Release|Win32
		{78071AF3-F775-42B3-9F9C-B472775E355F}.Release|x86.Build.0 = Release|Win32
	EndGlobalSection
	GlobalSection(SolutionProperties) = preSolution
		HideSolutionNode = FALSE
	EndGlobalSection
	GlobalSection(ExtensibilityGlobals) = postSolution
		SolutionGuid = {52B09B2B-2C43-471B-B065-07DFDF11E429}
	EndGlobalSection
EndGlobal
