
Microsoft Visual Studio Solution File, Format Version 12.00
# Visual Studio Version 17
VisualStudioVersion = 17.6.33712.159
MinimumVisualStudioVersion = 10.0.40219.1
Project("{8BC9CEB8-8B4A-11D0-8D11-00A0C91BC942}") = "baekjoon25991", "baekjoon25991\baekjoon25991.vcxproj", "{CEA6DF3A-3F2F-4FF3-9680-ECC2F8630AFC}"
EndProject
Global
	GlobalSection(SolutionConfigurationPlatforms) = preSolution
		Debug|x64 = Debug|x64
		Debug|x86 = Debug|x86
		Release|x64 = Release|x64
		Release|x86 = Release|x86
	EndGlobalSection
	GlobalSection(ProjectConfigurationPlatforms) = postSolution
		{CEA6DF3A-3F2F-4FF3-9680-ECC2F8630AFC}.Debug|x64.ActiveCfg = Debug|x64
		{CEA6DF3A-3F2F-4FF3-9680-ECC2F8630AFC}.Debug|x64.Build.0 = Debug|x64
		{CEA6DF3A-3F2F-4FF3-9680-ECC2F8630AFC}.Debug|x86.ActiveCfg = Debug|Win32
		{CEA6DF3A-3F2F-4FF3-9680-ECC2F8630AFC}.Debug|x86.Build.0 = Debug|Win32
		{CEA6DF3A-3F2F-4FF3-9680-ECC2F8630AFC}.Release|x64.ActiveCfg = Release|x64
		{CEA6DF3A-3F2F-4FF3-9680-ECC2F8630AFC}.Release|x64.Build.0 = Release|x64
		{CEA6DF3A-3F2F-4FF3-9680-ECC2F8630AFC}.Release|x86.ActiveCfg = Release|Win32
		{CEA6DF3A-3F2F-4FF3-9680-ECC2F8630AFC}.Release|x86.Build.0 = Release|Win32
	EndGlobalSection
	GlobalSection(SolutionProperties) = preSolution
		HideSolutionNode = FALSE
	EndGlobalSection
	GlobalSection(ExtensibilityGlobals) = postSolution
		SolutionGuid = {968C4F84-8C43-4BB6-9DB1-E0A0DA9B2DEC}
	EndGlobalSection
EndGlobal
