
Microsoft Visual Studio Solution File, Format Version 12.00
# Visual Studio Version 17
VisualStudioVersion = 17.6.33712.159
MinimumVisualStudioVersion = 10.0.40219.1
Project("{8BC9CEB8-8B4A-11D0-8D11-00A0C91BC942}") = "baekjoon10039", "baekjoon10039\baekjoon10039.vcxproj", "{039C225A-43A0-4FAC-887E-CE467B92FE05}"
EndProject
Global
	GlobalSection(SolutionConfigurationPlatforms) = preSolution
		Debug|x64 = Debug|x64
		Debug|x86 = Debug|x86
		Release|x64 = Release|x64
		Release|x86 = Release|x86
	EndGlobalSection
	GlobalSection(ProjectConfigurationPlatforms) = postSolution
		{039C225A-43A0-4FAC-887E-CE467B92FE05}.Debug|x64.ActiveCfg = Debug|x64
		{039C225A-43A0-4FAC-887E-CE467B92FE05}.Debug|x64.Build.0 = Debug|x64
		{039C225A-43A0-4FAC-887E-CE467B92FE05}.Debug|x86.ActiveCfg = Debug|Win32
		{039C225A-43A0-4FAC-887E-CE467B92FE05}.Debug|x86.Build.0 = Debug|Win32
		{039C225A-43A0-4FAC-887E-CE467B92FE05}.Release|x64.ActiveCfg = Release|x64
		{039C225A-43A0-4FAC-887E-CE467B92FE05}.Release|x64.Build.0 = Release|x64
		{039C225A-43A0-4FAC-887E-CE467B92FE05}.Release|x86.ActiveCfg = Release|Win32
		{039C225A-43A0-4FAC-887E-CE467B92FE05}.Release|x86.Build.0 = Release|Win32
	EndGlobalSection
	GlobalSection(SolutionProperties) = preSolution
		HideSolutionNode = FALSE
	EndGlobalSection
	GlobalSection(ExtensibilityGlobals) = postSolution
		SolutionGuid = {00145A89-6825-41FC-880D-7E34C3F64938}
	EndGlobalSection
EndGlobal
