
Microsoft Visual Studio Solution File, Format Version 12.00
# Visual Studio Version 17
VisualStudioVersion = 17.6.33712.159
MinimumVisualStudioVersion = 10.0.40219.1
Project("{8BC9CEB8-8B4A-11D0-8D11-00A0C91BC942}") = "baekjoon24086", "baekjoon24086\baekjoon24086.vcxproj", "{4941C890-A16A-40BC-ABED-1854455AFD79}"
EndProject
Global
	GlobalSection(SolutionConfigurationPlatforms) = preSolution
		Debug|x64 = Debug|x64
		Debug|x86 = Debug|x86
		Release|x64 = Release|x64
		Release|x86 = Release|x86
	EndGlobalSection
	GlobalSection(ProjectConfigurationPlatforms) = postSolution
		{4941C890-A16A-40BC-ABED-1854455AFD79}.Debug|x64.ActiveCfg = Debug|x64
		{4941C890-A16A-40BC-ABED-1854455AFD79}.Debug|x64.Build.0 = Debug|x64
		{4941C890-A16A-40BC-ABED-1854455AFD79}.Debug|x86.ActiveCfg = Debug|Win32
		{4941C890-A16A-40BC-ABED-1854455AFD79}.Debug|x86.Build.0 = Debug|Win32
		{4941C890-A16A-40BC-ABED-1854455AFD79}.Release|x64.ActiveCfg = Release|x64
		{4941C890-A16A-40BC-ABED-1854455AFD79}.Release|x64.Build.0 = Release|x64
		{4941C890-A16A-40BC-ABED-1854455AFD79}.Release|x86.ActiveCfg = Release|Win32
		{4941C890-A16A-40BC-ABED-1854455AFD79}.Release|x86.Build.0 = Release|Win32
	EndGlobalSection
	GlobalSection(SolutionProperties) = preSolution
		HideSolutionNode = FALSE
	EndGlobalSection
	GlobalSection(ExtensibilityGlobals) = postSolution
		SolutionGuid = {4BB4EF61-2E37-4CEF-BC57-BA2114E1A24B}
	EndGlobalSection
EndGlobal
