
Microsoft Visual Studio Solution File, Format Version 12.00
# Visual Studio Version 17
VisualStudioVersion = 17.6.33712.159
MinimumVisualStudioVersion = 10.0.40219.1
Project("{8BC9CEB8-8B4A-11D0-8D11-00A0C91BC942}") = "baekjoon7891", "baekjoon7891\baekjoon7891.vcxproj", "{019BBF51-6F16-4A6A-98B9-49315698F7EA}"
EndProject
Global
	GlobalSection(SolutionConfigurationPlatforms) = preSolution
		Debug|x64 = Debug|x64
		Debug|x86 = Debug|x86
		Release|x64 = Release|x64
		Release|x86 = Release|x86
	EndGlobalSection
	GlobalSection(ProjectConfigurationPlatforms) = postSolution
		{019BBF51-6F16-4A6A-98B9-49315698F7EA}.Debug|x64.ActiveCfg = Debug|x64
		{019BBF51-6F16-4A6A-98B9-49315698F7EA}.Debug|x64.Build.0 = Debug|x64
		{019BBF51-6F16-4A6A-98B9-49315698F7EA}.Debug|x86.ActiveCfg = Debug|Win32
		{019BBF51-6F16-4A6A-98B9-49315698F7EA}.Debug|x86.Build.0 = Debug|Win32
		{019BBF51-6F16-4A6A-98B9-49315698F7EA}.Release|x64.ActiveCfg = Release|x64
		{019BBF51-6F16-4A6A-98B9-49315698F7EA}.Release|x64.Build.0 = Release|x64
		{019BBF51-6F16-4A6A-98B9-49315698F7EA}.Release|x86.ActiveCfg = Release|Win32
		{019BBF51-6F16-4A6A-98B9-49315698F7EA}.Release|x86.Build.0 = Release|Win32
	EndGlobalSection
	GlobalSection(SolutionProperties) = preSolution
		HideSolutionNode = FALSE
	EndGlobalSection
	GlobalSection(ExtensibilityGlobals) = postSolution
		SolutionGuid = {BD086986-9FFD-4B8F-8F99-0BF76F9B5E7F}
	EndGlobalSection
EndGlobal
