
Microsoft Visual Studio Solution File, Format Version 12.00
# Visual Studio Version 17
VisualStudioVersion = 17.6.33712.159
MinimumVisualStudioVersion = 10.0.40219.1
Project("{8BC9CEB8-8B4A-11D0-8D11-00A0C91BC942}") = "baekjoon33046", "baekjoon33046\baekjoon33046.vcxproj", "{22F9252A-D15C-460F-9351-51E6332E71FA}"
EndProject
Global
	GlobalSection(SolutionConfigurationPlatforms) = preSolution
		Debug|x64 = Debug|x64
		Debug|x86 = Debug|x86
		Release|x64 = Release|x64
		Release|x86 = Release|x86
	EndGlobalSection
	GlobalSection(ProjectConfigurationPlatforms) = postSolution
		{22F9252A-D15C-460F-9351-51E6332E71FA}.Debug|x64.ActiveCfg = Debug|x64
		{22F9252A-D15C-460F-9351-51E6332E71FA}.Debug|x64.Build.0 = Debug|x64
		{22F9252A-D15C-460F-9351-51E6332E71FA}.Debug|x86.ActiveCfg = Debug|Win32
		{22F9252A-D15C-460F-9351-51E6332E71FA}.Debug|x86.Build.0 = Debug|Win32
		{22F9252A-D15C-460F-9351-51E6332E71FA}.Release|x64.ActiveCfg = Release|x64
		{22F9252A-D15C-460F-9351-51E6332E71FA}.Release|x64.Build.0 = Release|x64
		{22F9252A-D15C-460F-9351-51E6332E71FA}.Release|x86.ActiveCfg = Release|Win32
		{22F9252A-D15C-460F-9351-51E6332E71FA}.Release|x86.Build.0 = Release|Win32
	EndGlobalSection
	GlobalSection(SolutionProperties) = preSolution
		HideSolutionNode = FALSE
	EndGlobalSection
	GlobalSection(ExtensibilityGlobals) = postSolution
		SolutionGuid = {47FEB859-27A5-48AC-B175-C469E65543E4}
	EndGlobalSection
EndGlobal
