
Microsoft Visual Studio Solution File, Format Version 12.00
# Visual Studio Version 17
VisualStudioVersion = 17.6.33712.159
MinimumVisualStudioVersion = 10.0.40219.1
Project("{8BC9CEB8-8B4A-11D0-8D11-00A0C91BC942}") = "baekjoon29097", "baekjoon29097\baekjoon29097.vcxproj", "{D848E0FB-4E94-4690-9CC0-AB7669D9CCFB}"
EndProject
Global
	GlobalSection(SolutionConfigurationPlatforms) = preSolution
		Debug|x64 = Debug|x64
		Debug|x86 = Debug|x86
		Release|x64 = Release|x64
		Release|x86 = Release|x86
	EndGlobalSection
	GlobalSection(ProjectConfigurationPlatforms) = postSolution
		{D848E0FB-4E94-4690-9CC0-AB7669D9CCFB}.Debug|x64.ActiveCfg = Debug|x64
		{D848E0FB-4E94-4690-9CC0-AB7669D9CCFB}.Debug|x64.Build.0 = Debug|x64
		{D848E0FB-4E94-4690-9CC0-AB7669D9CCFB}.Debug|x86.ActiveCfg = Debug|Win32
		{D848E0FB-4E94-4690-9CC0-AB7669D9CCFB}.Debug|x86.Build.0 = Debug|Win32
		{D848E0FB-4E94-4690-9CC0-AB7669D9CCFB}.Release|x64.ActiveCfg = Release|x64
		{D848E0FB-4E94-4690-9CC0-AB7669D9CCFB}.Release|x64.Build.0 = Release|x64
		{D848E0FB-4E94-4690-9CC0-AB7669D9CCFB}.Release|x86.ActiveCfg = Release|Win32
		{D848E0FB-4E94-4690-9CC0-AB7669D9CCFB}.Release|x86.Build.0 = Release|Win32
	EndGlobalSection
	GlobalSection(SolutionProperties) = preSolution
		HideSolutionNode = FALSE
	EndGlobalSection
	GlobalSection(ExtensibilityGlobals) = postSolution
		SolutionGuid = {F9999372-2EEB-4478-A684-467CD6EF1D30}
	EndGlobalSection
EndGlobal
